PODS:
  - Alamofire (5.10.2)
  - HandyJSON (5.0.4-beta)
  - Moya (15.0.0):
    - Moya/Core (= 15.0.0)
  - Moya/Core (15.0.0):
    - Alamofire (~> 5.0)
  - YueYuNetwork (0.1.2):
    - Alamofire (= 5.10.2)
    - HandyJSON (= 5.0.4-beta)
    - Moya (= 15.0)

DEPENDENCIES:
  - YueYuNetwork (from `../`)

SPEC REPOS:
  trunk:
    - Alamofire
    - HandyJSON
    - Moya

EXTERNAL SOURCES:
  YueYuNetwork:
    :path: "../"

SPEC CHECKSUMS:
  Alamofire: 7193b3b92c74a07f85569e1a6c4f4237291e7496
  HandyJSON: a9c67202df97805a0ba4a00e30b50e9a30ac28f3
  Moya: 138f0573e53411fb3dc17016add0b748dfbd78ee
  YueYuNetwork: d522a7bc4cdf749fe617277835f76336fb590290

PODFILE CHECKSUM: a3476b481b7ad1331fb877f2748214dbf1b65d46

COCOAPODS: 1.16.2
