PODS:
  - Alamofire (5.10.2)
  - HandyJSON (5.0.2)
  - Moya (15.0.0):
    - Moya/Core (= 15.0.0)
  - Moya/Core (15.0.0):
    - Alamofire (~> 5.0)
  - YueYuNetwork (0.1.0):
    - Alamofire (= 5.10.2)
    - HandyJSON (= 5.0.2)
    - Moya (= 15.0)

DEPENDENCIES:
  - YueYuNetwork (from `../`)

SPEC REPOS:
  trunk:
    - Alamofire
    - HandyJSON
    - Moya

EXTERNAL SOURCES:
  YueYuNetwork:
    :path: "../"

SPEC CHECKSUMS:
  Alamofire: 7193b3b92c74a07f85569e1a6c4f4237291e7496
  HandyJSON: 9e4e236f5d2dbefad5155a77417bbea438201c03
  Moya: 138f0573e53411fb3dc17016add0b748dfbd78ee
  YueYuNetwork: a8be18e7cda446f3719e3314d5deb7190a30bcef

PODFILE CHECKSUM: a3476b481b7ad1331fb877f2748214dbf1b65d46

COCOAPODS: 1.16.2
